<?xml version="1.0" encoding="utf-8"?>
<Project ToolsVersion="4.0" xmlns="http://schemas.microsoft.com/developer/msbuild/2003">
  <ItemGroup>
    <Filter Include="bindings">
      <UniqueIdentifier>{53306E87-3FFD-C892-6816-B73A5442FE20}</UniqueIdentifier>
    </Filter>
    <Filter Include="lib">
      <UniqueIdentifier>{3C8C880B-A895-887C-3111-9F7C9D19947C}</UniqueIdentifier>
    </Filter>
  </ItemGroup>
  <ItemGroup>
    <ClInclude Include="..\bindings\imgui_impl_glfw.h">
      <Filter>bindings</Filter>
    </ClInclude>
    <ClInclude Include="..\bindings\imgui_impl_opengl3.h">
      <Filter>bindings</Filter>
    </ClInclude>
    <ClInclude Include="..\bindings\imgui_impl_opengl3_loader.h">
      <Filter>bindings</Filter>
    </ClInclude>
    <ClInclude Include="App.h" />
    <ClInclude Include="lib\app_base.h">
      <Filter>lib</Filter>
    </ClInclude>
  </ItemGroup>
  <ItemGroup>
    <ClCompile Include="..\bindings\imgui_impl_glfw.cpp">
      <Filter>bindings</Filter>
    </ClCompile>
    <ClCompile Include="..\bindings\imgui_impl_opengl3.cpp">
      <Filter>bindings</Filter>
    </ClCompile>
    <ClCompile Include="main.cpp" />
  </ItemGroup>
</Project>